{
  "name": "@bonsai-components/react-global-keys",
  "version": "2.2.0",
  "lockfileVersion": 2,
  "requires": true,
  "packages": {
    "": {
      "name": "@bonsai-components/react-global-keys",
      "version": "2.2.0",
      "license": "(MIT OR Apache-2.0)",
      "peerDependencies": {
        "react": "^18.2.0",
        "react-dom": "^18.2.0"
      }
    }
  }
}
