{
  "name": "@bonsai-components/meta-key",
  "version": "1.2.6",
  "lockfileVersion": 2,
  "requires": true,
  "packages": {
    "": {
      "name": "@bonsai-components/meta-key",
      "version": "1.2.6",
      "license": "(MIT OR Apache-2.0)",
      "dependencies": {
        "@bonsai-components/detect-os": "^0.1.5"
      }
    },
    "../detect-os": {
      "name": "@bonsai-components/detect-os",
      "version": "0.1.1",
      "license": "(MIT OR Apache-2.0)"
    },
    "node_modules/@bonsai-components/detect-os": {
      "resolved": "../detect-os",
      "link": true
    }
  },
  "dependencies": {
    "@bonsai-components/detect-os": {
      "version": "file:../detect-os"
    }
  }
}
